dependencies:
- name: common
  repository: oci://registry-1.docker.io/bitnamicharts
  version: 2.22.0
- name: keycloakx
  repository: https://codecentric.github.io/helm-charts
  version: 2.2.2
- name: keycloak-config-cli
  repository: git+https://github.com/didx-xyz/keycloak-config-cli@contrib/charts?ref=init-containers&sparse=0
  version: 5.8.1-SNAPSHOT
digest: sha256:2ca0168754e5e4576697f30aec57c998a203324e375ef139eea37e5d3b4a474e
generated: "2024-08-27T16:16:23.167974+02:00"
